
Microsoft Visual Studio Solution File, Format Version 12.00
# Visual Studio 15
VisualStudioVersion = 15.0.27703.2042
MinimumVisualStudioVersion = 10.0.40219.1
Project("{9A19103F-16F7-4668-BE54-9A1E7A4F7556}") = "CurriculumVitaeAPI", "CurriculumVitaeAPI\CurriculumVitaeAPI.csproj", "{4BB19E22-2752-4092-8BD7-C9BE44CBBEEC}"
EndProject
Project("{9A19103F-16F7-4668-BE54-9A1E7A4F7556}") = "CurriculumVitaeModel", "CurriculumVitaeModel\CurriculumVitaeModel.csproj", "{46289F74-4EE9-46EB-925A-77F103D95E8E}"
EndProject
Project("{9A19103F-16F7-4668-BE54-9A1E7A4F7556}") = "CurriculumVitaeData", "CurriculumVitaeData\CurriculumVitaeData.csproj", "{354D4C0C-23D6-44F4-B56F-DA5D48CBFAF3}"
EndProject
Global
	GlobalSection(SolutionConfigurationPlatforms) = preSolution
		Debug|Any CPU = Debug|Any CPU
		Release|Any CPU = Release|Any CPU
	EndGlobalSection
	GlobalSection(ProjectConfigurationPlatforms) = postSolution
		{4BB19E22-2752-4092-8BD7-C9BE44CBBEEC}.Debug|Any CPU.ActiveCfg = Debug|Any CPU
		{4BB19E22-2752-4092-8BD7-C9BE44CBBEEC}.Debug|Any CPU.Build.0 = Debug|Any CPU
		{4BB19E22-2752-4092-8BD7-C9BE44CBBEEC}.Release|Any CPU.ActiveCfg = Release|Any CPU
		{4BB19E22-2752-4092-8BD7-C9BE44CBBEEC}.Release|Any CPU.Build.0 = Release|Any CPU
		{46289F74-4EE9-46EB-925A-77F103D95E8E}.Debug|Any CPU.ActiveCfg = Debug|Any CPU
		{46289F74-4EE9-46EB-925A-77F103D95E8E}.Debug|Any CPU.Build.0 = Debug|Any CPU
		{46289F74-4EE9-46EB-925A-77F103D95E8E}.Release|Any CPU.ActiveCfg = Release|Any CPU
		{46289F74-4EE9-46EB-925A-77F103D95E8E}.Release|Any CPU.Build.0 = Release|Any CPU
		{354D4C0C-23D6-44F4-B56F-DA5D48CBFAF3}.Debug|Any CPU.ActiveCfg = Debug|Any CPU
		{354D4C0C-23D6-44F4-B56F-DA5D48CBFAF3}.Debug|Any CPU.Build.0 = Debug|Any CPU
		{354D4C0C-23D6-44F4-B56F-DA5D48CBFAF3}.Release|Any CPU.ActiveCfg = Release|Any CPU
		{354D4C0C-23D6-44F4-B56F-DA5D48CBFAF3}.Release|Any CPU.Build.0 = Release|Any CPU
	EndGlobalSection
	GlobalSection(SolutionProperties) = preSolution
		HideSolutionNode = FALSE
	EndGlobalSection
	GlobalSection(ExtensibilityGlobals) = postSolution
		SolutionGuid = {689CD86F-D48D-450A-B269-3D807CAEA17E}
	EndGlobalSection
EndGlobal
